
Microsoft Visual Studio Solution File, Format Version 12.00
# Visual Studio Version 16
VisualStudioVersion = 16.0.30002.166
MinimumVisualStudioVersion = 10.0.40219.1
Project("{FAE04EC0-301F-11D3-BF4B-00C04F79EFBC}") = "MTurk", "MTurk\MTurk.csproj", "{8B0CEA7A-7CC5-45A7-981C-C3AE5EA7D661}"
EndProject
Global
	GlobalSection(SolutionConfigurationPlatforms) = preSolution
		Debug|Any CPU = Debug|Any CPU
		Release|Any CPU = Release|Any CPU
	EndGlobalSection
	GlobalSection(ProjectConfigurationPlatforms) = postSolution
		{8B0CEA7A-7CC5-45A7-981C-C3AE5EA7D661}.Debug|Any CPU.ActiveCfg = Debug|Any CPU
		{8B0CEA7A-7CC5-45A7-981C-C3AE5EA7D661}.Debug|Any CPU.Build.0 = Debug|Any CPU
		{8B0CEA7A-7CC5-45A7-981C-C3AE5EA7D661}.Release|Any CPU.ActiveCfg = Release|Any CPU
		{8B0CEA7A-7CC5-45A7-981C-C3AE5EA7D661}.Release|Any CPU.Build.0 = Release|Any CPU
	EndGlobalSection
	GlobalSection(SolutionProperties) = preSolution
		HideSolutionNode = FALSE
	EndGlobalSection
	GlobalSection(ExtensibilityGlobals) = postSolution
		SolutionGuid = {34C838A3-3200-48F4-A2BB-549BBA36BE33}
	EndGlobalSection
EndGlobal
